{
  "name": "@wecandobetter/phenomenal-ai",
  "version": "0.0.2",
  "lockfileVersion": 3,
  "requires": true,
  "packages": {
    "": {
      "name": "@wecandobetter/phenomenal-ai",
      "version": "0.0.1",
      "license": "MIT",
      "dependencies": {
        "mustache": "^4.2.0"
      },
      "devDependencies": {
        "@types/mustache": "^4.2.2",
        "@types/node": "^20.3.3",
        "typescript": "^5.1.6"
      }
    },
    "node_modules/@types/mustache": {
      "version": "4.2.2",
      "dev": true,
      "license": "MIT"
    },
    "node_modules/@types/node": {
      "version": "20.3.3",
      "dev": true,
      "license": "MIT"
    },
    "node_modules/mustache": {
      "version": "4.2.0",
      "license": "MIT",
      "bin": {
        "mustache": "bin/mustache"
      }
    },
    "node_modules/typescript": {
      "version": "5.1.6",
      "dev": true,
      "license": "Apache-2.0",
      "bin": {
        "tsc": "bin/tsc",
        "tsserver": "bin/tsserver"
      },
      "engines": {
        "node": ">=14.17"
      }
    }
  }
}
